
Microsoft Visual Studio Solution File, Format Version 12.00
# Visual Studio 15
VisualStudioVersion = 15.0.28307.572
MinimumVisualStudioVersion = 10.0.40219.1
Project("{FAE04EC0-301F-11D3-BF4B-00C04F79EFBC}") = "MobileApp1.Android", "MobileApp1\MobileApp1.Android\MobileApp1.Android.csproj", "{F1B69DBF-EAFB-45DB-B7E5-39245123A83F}"
EndProject
Project("{FAE04EC0-301F-11D3-BF4B-00C04F79EFBC}") = "MobileApp1.iOS", "MobileApp1\MobileApp1.iOS\MobileApp1.iOS.csproj", "{605CC6D5-D53C-459E-A4B2-DAD18ABF3E98}"
EndProject
Project("{FAE04EC0-301F-11D3-BF4B-00C04F79EFBC}") = "MobileApp1.UWP", "MobileApp1\MobileApp1.UWP\MobileApp1.UWP.csproj", "{A58187B6-E67E-4A14-A02D-D30F3E0F3AEC}"
EndProject
Project("{FAE04EC0-301F-11D3-BF4B-00C04F79EFBC}") = "MobileApp1", "MobileApp1\MobileApp1\MobileApp1.csproj", "{BA6DB133-8376-4657-9105-929A8B6778BD}"
EndProject
Global
	GlobalSection(SolutionConfigurationPlatforms) = preSolution
		Ad-Hoc|Any CPU = Ad-Hoc|Any CPU
		Ad-Hoc|ARM = Ad-Hoc|ARM
		Ad-Hoc|iPhone = Ad-Hoc|iPhone
		Ad-Hoc|iPhoneSimulator = Ad-Hoc|iPhoneSimulator
		Ad-Hoc|x64 = Ad-Hoc|x64
		Ad-Hoc|x86 = Ad-Hoc|x86
		AppStore|Any CPU = AppStore|Any CPU
		AppStore|ARM = AppStore|ARM
		AppStore|iPhone = AppStore|iPhone
		AppStore|iPhoneSimulator = AppStore|iPhoneSimulator
		AppStore|x64 = AppStore|x64
		AppStore|x86 = AppStore|x86
		Debug|Any CPU = Debug|Any CPU
		Debug|ARM = Debug|ARM
		Debug|iPhone = Debug|iPhone
		Debug|iPhoneSimulator = Debug|iPhoneSimulator
		Debug|x64 = Debug|x64
		Debug|x86 = Debug|x86
		Release|Any CPU = Release|Any CPU
		Release|ARM = Release|ARM
		Release|iPhone = Release|iPhone
		Release|iPhoneSimulator = Release|iPhoneSimulator
		Release|x64 = Release|x64
		Release|x86 = Release|x86
	EndGlobalSection
	GlobalSection(ProjectConfigurationPlatforms) = postSolution
		{F1B69DBF-EAFB-45DB-B7E5-39245123A83F}.Ad-Hoc|Any CPU.ActiveCfg = Release|Any CPU
		{F1B69DBF-EAFB-45DB-B7E5-39245123A83F}.Ad-Hoc|Any CPU.Build.0 = Release|Any CPU
		{F1B69DBF-EAFB-45DB-B7E5-39245123A83F}.Ad-Hoc|Any CPU.Deploy.0 = Release|Any CPU
		{F1B69DBF-EAFB-45DB-B7E5-39245123A83F}.Ad-Hoc|ARM.ActiveCfg = Release|Any CPU
		{F1B69DBF-EAFB-45DB-B7E5-39245123A83F}.Ad-Hoc|ARM.Build.0 = Release|Any CPU
		{F1B69DBF-EAFB-45DB-B7E5-39245123A83F}.Ad-Hoc|ARM.Deploy.0 = Release|Any CPU
		{F1B69DBF-EAFB-45DB-B7E5-39245123A83F}.Ad-Hoc|iPhone.ActiveCfg = Release|Any CPU
		{F1B69DBF-EAFB-45DB-B7E5-39245123A83F}.Ad-Hoc|iPhone.Build.0 = Release|Any CPU
		{F1B69DBF-EAFB-45DB-B7E5-39245123A83F}.Ad-Hoc|iPhone.Deploy.0 = Release|Any CPU
		{F1B69DBF-EAFB-45DB-B7E5-39245123A83F}.Ad-Hoc|iPhoneSimulator.ActiveCfg = Release|Any CPU
		{F1B69DBF-EAFB-45DB-B7E5-39245123A83F}.Ad-Hoc|iPhoneSimulator.Build.0 = Release|Any CPU
		{F1B69DBF-EAFB-45DB-B7E5-39245123A83F}.Ad-Hoc|iPhoneSimulator.Deploy.0 = Release|Any CPU
		{F1B69DBF-EAFB-45DB-B7E5-39245123A83F}.Ad-Hoc|x64.ActiveCfg = Release|Any CPU
		{F1B69DBF-EAFB-45DB-B7E5-39245123A83F}.Ad-Hoc|x64.Build.0 = Release|Any CPU
		{F1B69DBF-EAFB-45DB-B7E5-39245123A83F}.Ad-Hoc|x64.Deploy.0 = Release|Any CPU
		{F1B69DBF-EAFB-45DB-B7E5-39245123A83F}.Ad-Hoc|x86.ActiveCfg = Release|Any CPU
		{F1B69DBF-EAFB-45DB-B7E5-39245123A83F}.Ad-Hoc|x86.Build.0 = Release|Any CPU
		{F1B69DBF-EAFB-45DB-B7E5-39245123A83F}.Ad-Hoc|x86.Deploy.0 = Release|Any CPU
		{F1B69DBF-EAFB-45DB-B7E5-39245123A83F}.AppStore|Any CPU.ActiveCfg = Release|Any CPU
		{F1B69DBF-EAFB-45DB-B7E5-39245123A83F}.AppStore|Any CPU.Build.0 = Release|Any CPU
		{F1B69DBF-EAFB-45DB-B7E5-39245123A83F}.AppStore|Any CPU.Deploy.0 = Release|Any CPU
		{F1B69DBF-EAFB-45DB-B7E5-39245123A83F}.AppStore|ARM.ActiveCfg = Release|Any CPU
		{F1B69DBF-EAFB-45DB-B7E5-39245123A83F}.AppStore|ARM.Build.0 = Release|Any CPU
		{F1B69DBF-EAFB-45DB-B7E5-39245123A83F}.AppStore|ARM.Deploy.0 = Release|Any CPU
		{F1B69DBF-EAFB-45DB-B7E5-39245123A83F}.AppStore|iPhone.ActiveCfg = Release|Any CPU
		{F1B69DBF-EAFB-45DB-B7E5-39245123A83F}.AppStore|iPhone.Build.0 = Release|Any CPU
		{F1B69DBF-EAFB-45DB-B7E5-39245123A83F}.AppStore|iPhone.Deploy.0 = Release|Any CPU
		{F1B69DBF-EAFB-45DB-B7E5-39245123A83F}.AppStore|iPhoneSimulator.ActiveCfg = Release|Any CPU
		{F1B69DBF-EAFB-45DB-B7E5-39245123A83F}.AppStore|iPhoneSimulator.Build.0 = Release|Any CPU
		{F1B69DBF-EAFB-45DB-B7E5-39245123A83F}.AppStore|iPhoneSimulator.Deploy.0 = Release|Any CPU
		{F1B69DBF-EAFB-45DB-B7E5-39245123A83F}.AppStore|x64.ActiveCfg = Release|Any CPU
		{F1B69DBF-EAFB-45DB-B7E5-39245123A83F}.AppStore|x64.Build.0 = Release|Any CPU
		{F1B69DBF-EAFB-45DB-B7E5-39245123A83F}.AppStore|x64.Deploy.0 = Release|Any CPU
		{F1B69DBF-EAFB-45DB-B7E5-39245123A83F}.AppStore|x86.ActiveCfg = Release|Any CPU
		{F1B69DBF-EAFB-45DB-B7E5-39245123A83F}.AppStore|x86.Build.0 = Release|Any CPU
		{F1B69DBF-EAFB-45DB-B7E5-39245123A83F}.AppStore|x86.Deploy.0 = Release|Any CPU
		{F1B69DBF-EAFB-45DB-B7E5-39245123A83F}.Debug|Any CPU.ActiveCfg = Debug|Any CPU
		{F1B69DBF-EAFB-45DB-B7E5-39245123A83F}.Debug|Any CPU.Build.0 = Debug|Any CPU
		{F1B69DBF-EAFB-45DB-B7E5-39245123A83F}.Debug|Any CPU.Deploy.0 = Debug|Any CPU
		{F1B69DBF-EAFB-45DB-B7E5-39245123A83F}.Debug|ARM.ActiveCfg = Debug|Any CPU
		{F1B69DBF-EAFB-45DB-B7E5-39245123A83F}.Debug|ARM.Build.0 = Debug|Any CPU
		{F1B69DBF-EAFB-45DB-B7E5-39245123A83F}.Debug|ARM.Deploy.0 = Debug|Any CPU
		{F1B69DBF-EAFB-45DB-B7E5-39245123A83F}.Debug|iPhone.ActiveCfg = Debug|Any CPU
		{F1B69DBF-EAFB-45DB-B7E5-39245123A83F}.Debug|iPhone.Build.0 = Debug|Any CPU
		{F1B69DBF-EAFB-45DB-B7E5-39245123A83F}.Debug|iPhone.Deploy.0 = Debug|Any CPU
		{F1B69DBF-EAFB-45DB-B7E5-39245123A83F}.Debug|iPhoneSimulator.ActiveCfg = Debug|Any CPU
		{F1B69DBF-EAFB-45DB-B7E5-39245123A83F}.Debug|iPhoneSimulator.Build.0 = Debug|Any CPU
		{F1B69DBF-EAFB-45DB-B7E5-39245123A83F}.Debug|iPhoneSimulator.Deploy.0 = Debug|Any CPU
		{F1B69DBF-EAFB-45DB-B7E5-39245123A83F}.Debug|x64.ActiveCfg = Debug|Any CPU
		{F1B69DBF-EAFB-45DB-B7E5-39245123A83F}.Debug|x64.Build.0 = Debug|Any CPU
		{F1B69DBF-EAFB-45DB-B7E5-39245123A83F}.Debug|x64.Deploy.0 = Debug|Any CPU
		{F1B69DBF-EAFB-45DB-B7E5-39245123A83F}.Debug|x86.ActiveCfg = Debug|Any CPU
		{F1B69DBF-EAFB-45DB-B7E5-39245123A83F}.Debug|x86.Build.0 = Debug|Any CPU
		{F1B69DBF-EAFB-45DB-B7E5-39245123A83F}.Debug|x86.Deploy.0 = Debug|Any CPU
		{F1B69DBF-EAFB-45DB-B7E5-39245123A83F}.Release|Any CPU.ActiveCfg = Release|Any CPU
		{F1B69DBF-EAFB-45DB-B7E5-39245123A83F}.Release|Any CPU.Build.0 = Release|Any CPU
		{F1B69DBF-EAFB-45DB-B7E5-39245123A83F}.Release|Any CPU.Deploy.0 = Release|Any CPU
		{F1B69DBF-EAFB-45DB-B7E5-39245123A83F}.Release|ARM.ActiveCfg = Release|Any CPU
		{F1B69DBF-EAFB-45DB-B7E5-39245123A83F}.Release|ARM.Build.0 = Release|Any CPU
		{F1B69DBF-EAFB-45DB-B7E5-39245123A83F}.Release|ARM.Deploy.0 = Release|Any CPU
		{F1B69DBF-EAFB-45DB-B7E5-39245123A83F}.Release|iPhone.ActiveCfg = Release|Any CPU
		{F1B69DBF-EAFB-45DB-B7E5-39245123A83F}.Release|iPhone.Build.0 = Release|Any CPU
		{F1B69DBF-EAFB-45DB-B7E5-39245123A83F}.Release|iPhone.Deploy.0 = Release|Any CPU
		{F1B69DBF-EAFB-45DB-B7E5-39245123A83F}.Release|iPhoneSimulator.ActiveCfg = Release|Any CPU
		{F1B69DBF-EAFB-45DB-B7E5-39245123A83F}.Release|iPhoneSimulator.Build.0 = Release|Any CPU
		{F1B69DBF-EAFB-45DB-B7E5-39245123A83F}.Release|iPhoneSimulator.Deploy.0 = Release|Any CPU
		{F1B69DBF-EAFB-45DB-B7E5-39245123A83F}.Release|x64.ActiveCfg = Release|Any CPU
		{F1B69DBF-EAFB-45DB-B7E5-39245123A83F}.Release|x64.Build.0 = Release|Any CPU
		{F1B69DBF-EAFB-45DB-B7E5-39245123A83F}.Release|x64.Deploy.0 = Release|Any CPU
		{F1B69DBF-EAFB-45DB-B7E5-39245123A83F}.Release|x86.ActiveCfg = Release|Any CPU
		{F1B69DBF-EAFB-45DB-B7E5-39245123A83F}.Release|x86.Build.0 = Release|Any CPU
		{F1B69DBF-EAFB-45DB-B7E5-39245123A83F}.Release|x86.Deploy.0 = Release|Any CPU
		{605CC6D5-D53C-459E-A4B2-DAD18ABF3E98}.Ad-Hoc|Any CPU.ActiveCfg = Ad-Hoc|iPhone
		{605CC6D5-D53C-459E-A4B2-DAD18ABF3E98}.Ad-Hoc|Any CPU.Build.0 = Ad-Hoc|iPhone
		{605CC6D5-D53C-459E-A4B2-DAD18ABF3E98}.Ad-Hoc|Any CPU.Deploy.0 = Ad-Hoc|iPhone
		{605CC6D5-D53C-459E-A4B2-DAD18ABF3E98}.Ad-Hoc|ARM.ActiveCfg = Ad-Hoc|iPhone
		{605CC6D5-D53C-459E-A4B2-DAD18ABF3E98}.Ad-Hoc|ARM.Build.0 = Ad-Hoc|iPhone
		{605CC6D5-D53C-459E-A4B2-DAD18ABF3E98}.Ad-Hoc|ARM.Deploy.0 = Ad-Hoc|iPhone
		{605CC6D5-D53C-459E-A4B2-DAD18ABF3E98}.Ad-Hoc|iPhone.ActiveCfg = Ad-Hoc|iPhone
		{605CC6D5-D53C-459E-A4B2-DAD18ABF3E98}.Ad-Hoc|iPhone.Build.0 = Ad-Hoc|iPhone
		{605CC6D5-D53C-459E-A4B2-DAD18ABF3E98}.Ad-Hoc|iPhone.Deploy.0 = Ad-Hoc|iPhone
		{605CC6D5-D53C-459E-A4B2-DAD18ABF3E98}.Ad-Hoc|iPhoneSimulator.ActiveCfg = Ad-Hoc|iPhoneSimulator
		{605CC6D5-D53C-459E-A4B2-DAD18ABF3E98}.Ad-Hoc|iPhoneSimulator.Build.0 = Ad-Hoc|iPhoneSimulator
		{605CC6D5-D53C-459E-A4B2-DAD18ABF3E98}.Ad-Hoc|iPhoneSimulator.Deploy.0 = Ad-Hoc|iPhoneSimulator
		{605CC6D5-D53C-459E-A4B2-DAD18ABF3E98}.Ad-Hoc|x64.ActiveCfg = Ad-Hoc|iPhone
		{605CC6D5-D53C-459E-A4B2-DAD18ABF3E98}.Ad-Hoc|x64.Build.0 = Ad-Hoc|iPhone
		{605CC6D5-D53C-459E-A4B2-DAD18ABF3E98}.Ad-Hoc|x64.Deploy.0 = Ad-Hoc|iPhone
		{605CC6D5-D53C-459E-A4B2-DAD18ABF3E98}.Ad-Hoc|x86.ActiveCfg = Ad-Hoc|iPhone
		{605CC6D5-D53C-459E-A4B2-DAD18ABF3E98}.Ad-Hoc|x86.Build.0 = Ad-Hoc|iPhone
		{605CC6D5-D53C-459E-A4B2-DAD18ABF3E98}.Ad-Hoc|x86.Deploy.0 = Ad-Hoc|iPhone
		{605CC6D5-D53C-459E-A4B2-DAD18ABF3E98}.AppStore|Any CPU.ActiveCfg = AppStore|iPhone
		{605CC6D5-D53C-459E-A4B2-DAD18ABF3E98}.AppStore|Any CPU.Build.0 = AppStore|iPhone
		{605CC6D5-D53C-459E-A4B2-DAD18ABF3E98}.AppStore|Any CPU.Deploy.0 = AppStore|iPhone
		{605CC6D5-D53C-459E-A4B2-DAD18ABF3E98}.AppStore|ARM.ActiveCfg = AppStore|iPhone
		{605CC6D5-D53C-459E-A4B2-DAD18ABF3E98}.AppStore|ARM.Build.0 = AppStore|iPhone
		{605CC6D5-D53C-459E-A4B2-DAD18ABF3E98}.AppStore|ARM.Deploy.0 = AppStore|iPhone
		{605CC6D5-D53C-459E-A4B2-DAD18ABF3E98}.AppStore|iPhone.ActiveCfg = AppStore|iPhone
		{605CC6D5-D53C-459E-A4B2-DAD18ABF3E98}.AppStore|iPhone.Build.0 = AppStore|iPhone
		{605CC6D5-D53C-459E-A4B2-DAD18ABF3E98}.AppStore|iPhone.Deploy.0 = AppStore|iPhone
		{605CC6D5-D53C-459E-A4B2-DAD18ABF3E98}.AppStore|iPhoneSimulator.ActiveCfg = AppStore|iPhoneSimulator
		{605CC6D5-D53C-459E-A4B2-DAD18ABF3E98}.AppStore|iPhoneSimulator.Build.0 = AppStore|iPhoneSimulator
		{605CC6D5-D53C-459E-A4B2-DAD18ABF3E98}.AppStore|iPhoneSimulator.Deploy.0 = AppStore|iPhoneSimulator
		{605CC6D5-D53C-459E-A4B2-DAD18ABF3E98}.AppStore|x64.ActiveCfg = AppStore|iPhone
		{605CC6D5-D53C-459E-A4B2-DAD18ABF3E98}.AppStore|x64.Build.0 = AppStore|iPhone
		{605CC6D5-D53C-459E-A4B2-DAD18ABF3E98}.AppStore|x64.Deploy.0 = AppStore|iPhone
		{605CC6D5-D53C-459E-A4B2-DAD18ABF3E98}.AppStore|x86.ActiveCfg = AppStore|iPhone
		{605CC6D5-D53C-459E-A4B2-DAD18ABF3E98}.AppStore|x86.Build.0 = AppStore|iPhone
		{605CC6D5-D53C-459E-A4B2-DAD18ABF3E98}.AppStore|x86.Deploy.0 = AppStore|iPhone
		{605CC6D5-D53C-459E-A4B2-DAD18ABF3E98}.Debug|Any CPU.ActiveCfg = Debug|iPhoneSimulator
		{605CC6D5-D53C-459E-A4B2-DAD18ABF3E98}.Debug|Any CPU.Build.0 = Debug|iPhoneSimulator
		{605CC6D5-D53C-459E-A4B2-DAD18ABF3E98}.Debug|Any CPU.Deploy.0 = Debug|iPhoneSimulator
		{605CC6D5-D53C-459E-A4B2-DAD18ABF3E98}.Debug|ARM.ActiveCfg = Debug|iPhone
		{605CC6D5-D53C-459E-A4B2-DAD18ABF3E98}.Debug|ARM.Build.0 = Debug|iPhone
		{605CC6D5-D53C-459E-A4B2-DAD18ABF3E98}.Debug|ARM.Deploy.0 = Debug|iPhone
		{605CC6D5-D53C-459E-A4B2-DAD18ABF3E98}.Debug|iPhone.ActiveCfg = Debug|iPhone
		{605CC6D5-D53C-459E-A4B2-DAD18ABF3E98}.Debug|iPhone.Build.0 = Debug|iPhone
		{605CC6D5-D53C-459E-A4B2-DAD18ABF3E98}.Debug|iPhone.Deploy.0 = Debug|iPhone
		{605CC6D5-D53C-459E-A4B2-DAD18ABF3E98}.Debug|iPhoneSimulator.ActiveCfg = Debug|iPhoneSimulator
		{605CC6D5-D53C-459E-A4B2-DAD18ABF3E98}.Debug|iPhoneSimulator.Build.0 = Debug|iPhoneSimulator
		{605CC6D5-D53C-459E-A4B2-DAD18ABF3E98}.Debug|iPhoneSimulator.Deploy.0 = Debug|iPhoneSimulator
		{605CC6D5-D53C-459E-A4B2-DAD18ABF3E98}.Debug|x64.ActiveCfg = Debug|iPhone
		{605CC6D5-D53C-459E-A4B2-DAD18ABF3E98}.Debug|x64.Build.0 = Debug|iPhone
		{605CC6D5-D53C-459E-A4B2-DAD18ABF3E98}.Debug|x64.Deploy.0 = Debug|iPhone
		{605CC6D5-D53C-459E-A4B2-DAD18ABF3E98}.Debug|x86.ActiveCfg = Debug|iPhone
		{605CC6D5-D53C-459E-A4B2-DAD18ABF3E98}.Debug|x86.Build.0 = Debug|iPhone
		{605CC6D5-D53C-459E-A4B2-DAD18ABF3E98}.Debug|x86.Deploy.0 = Debug|iPhone
		{605CC6D5-D53C-459E-A4B2-DAD18ABF3E98}.Release|Any CPU.ActiveCfg = Release|iPhone
		{605CC6D5-D53C-459E-A4B2-DAD18ABF3E98}.Release|Any CPU.Build.0 = Release|iPhone
		{605CC6D5-D53C-459E-A4B2-DAD18ABF3E98}.Release|Any CPU.Deploy.0 = Release|iPhone
		{605CC6D5-D53C-459E-A4B2-DAD18ABF3E98}.Release|ARM.ActiveCfg = Release|iPhone
		{605CC6D5-D53C-459E-A4B2-DAD18ABF3E98}.Release|ARM.Build.0 = Release|iPhone
		{605CC6D5-D53C-459E-A4B2-DAD18ABF3E98}.Release|ARM.Deploy.0 = Release|iPhone
		{605CC6D5-D53C-459E-A4B2-DAD18ABF3E98}.Release|iPhone.ActiveCfg = Release|iPhone
		{605CC6D5-D53C-459E-A4B2-DAD18ABF3E98}.Release|iPhone.Build.0 = Release|iPhone
		{605CC6D5-D53C-459E-A4B2-DAD18ABF3E98}.Release|iPhone.Deploy.0 = Release|iPhone
		{605CC6D5-D53C-459E-A4B2-DAD18ABF3E98}.Release|iPhoneSimulator.ActiveCfg = Release|iPhoneSimulator
		{605CC6D5-D53C-459E-A4B2-DAD18ABF3E98}.Release|iPhoneSimulator.Build.0 = Release|iPhoneSimulator
		{605CC6D5-D53C-459E-A4B2-DAD18ABF3E98}.Release|iPhoneSimulator.Deploy.0 = Release|iPhoneSimulator
		{605CC6D5-D53C-459E-A4B2-DAD18ABF3E98}.Release|x64.ActiveCfg = Release|iPhone
		{605CC6D5-D53C-459E-A4B2-DAD18ABF3E98}.Release|x64.Build.0 = Release|iPhone
		{605CC6D5-D53C-459E-A4B2-DAD18ABF3E98}.Release|x64.Deploy.0 = Release|iPhone
		{605CC6D5-D53C-459E-A4B2-DAD18ABF3E98}.Release|x86.ActiveCfg = Release|iPhone
		{605CC6D5-D53C-459E-A4B2-DAD18ABF3E98}.Release|x86.Build.0 = Release|iPhone
		{605CC6D5-D53C-459E-A4B2-DAD18ABF3E98}.Release|x86.Deploy.0 = Release|iPhone
		{A58187B6-E67E-4A14-A02D-D30F3E0F3AEC}.Ad-Hoc|Any CPU.ActiveCfg = Release|x86
		{A58187B6-E67E-4A14-A02D-D30F3E0F3AEC}.Ad-Hoc|Any CPU.Build.0 = Release|x86
		{A58187B6-E67E-4A14-A02D-D30F3E0F3AEC}.Ad-Hoc|Any CPU.Deploy.0 = Release|x86
		{A58187B6-E67E-4A14-A02D-D30F3E0F3AEC}.Ad-Hoc|ARM.ActiveCfg = Release|ARM
		{A58187B6-E67E-4A14-A02D-D30F3E0F3AEC}.Ad-Hoc|ARM.Build.0 = Release|ARM
		{A58187B6-E67E-4A14-A02D-D30F3E0F3AEC}.Ad-Hoc|ARM.Deploy.0 = Release|ARM
		{A58187B6-E67E-4A14-A02D-D30F3E0F3AEC}.Ad-Hoc|iPhone.ActiveCfg = Release|x86
		{A58187B6-E67E-4A14-A02D-D30F3E0F3AEC}.Ad-Hoc|iPhone.Build.0 = Release|x86
		{A58187B6-E67E-4A14-A02D-D30F3E0F3AEC}.Ad-Hoc|iPhone.Deploy.0 = Release|x86
		{A58187B6-E67E-4A14-A02D-D30F3E0F3AEC}.Ad-Hoc|iPhoneSimulator.ActiveCfg = Release|x86
		{A58187B6-E67E-4A14-A02D-D30F3E0F3AEC}.Ad-Hoc|iPhoneSimulator.Build.0 = Release|x86
		{A58187B6-E67E-4A14-A02D-D30F3E0F3AEC}.Ad-Hoc|iPhoneSimulator.Deploy.0 = Release|x86
		{A58187B6-E67E-4A14-A02D-D30F3E0F3AEC}.Ad-Hoc|x64.ActiveCfg = Release|x64
		{A58187B6-E67E-4A14-A02D-D30F3E0F3AEC}.Ad-Hoc|x64.Build.0 = Release|x64
		{A58187B6-E67E-4A14-A02D-D30F3E0F3AEC}.Ad-Hoc|x64.Deploy.0 = Release|x64
		{A58187B6-E67E-4A14-A02D-D30F3E0F3AEC}.Ad-Hoc|x86.ActiveCfg = Release|x86
		{A58187B6-E67E-4A14-A02D-D30F3E0F3AEC}.Ad-Hoc|x86.Build.0 = Release|x86
		{A58187B6-E67E-4A14-A02D-D30F3E0F3AEC}.Ad-Hoc|x86.Deploy.0 = Release|x86
		{A58187B6-E67E-4A14-A02D-D30F3E0F3AEC}.AppStore|Any CPU.ActiveCfg = Release|x86
		{A58187B6-E67E-4A14-A02D-D30F3E0F3AEC}.AppStore|Any CPU.Build.0 = Release|x86
		{A58187B6-E67E-4A14-A02D-D30F3E0F3AEC}.AppStore|Any CPU.Deploy.0 = Release|x86
		{A58187B6-E67E-4A14-A02D-D30F3E0F3AEC}.AppStore|ARM.ActiveCfg = Release|ARM
		{A58187B6-E67E-4A14-A02D-D30F3E0F3AEC}.AppStore|ARM.Build.0 = Release|ARM
		{A58187B6-E67E-4A14-A02D-D30F3E0F3AEC}.AppStore|ARM.Deploy.0 = Release|ARM
		{A58187B6-E67E-4A14-A02D-D30F3E0F3AEC}.AppStore|iPhone.ActiveCfg = Release|x86
		{A58187B6-E67E-4A14-A02D-D30F3E0F3AEC}.AppStore|iPhone.Build.0 = Release|x86
		{A58187B6-E67E-4A14-A02D-D30F3E0F3AEC}.AppStore|iPhone.Deploy.0 = Release|x86
		{A58187B6-E67E-4A14-A02D-D30F3E0F3AEC}.AppStore|iPhoneSimulator.ActiveCfg = Release|x86
		{A58187B6-E67E-4A14-A02D-D30F3E0F3AEC}.AppStore|iPhoneSimulator.Build.0 = Release|x86
		{A58187B6-E67E-4A14-A02D-D30F3E0F3AEC}.AppStore|iPhoneSimulator.Deploy.0 = Release|x86
		{A58187B6-E67E-4A14-A02D-D30F3E0F3AEC}.AppStore|x64.ActiveCfg = Release|x64
		{A58187B6-E67E-4A14-A02D-D30F3E0F3AEC}.AppStore|x64.Build.0 = Release|x64
		{A58187B6-E67E-4A14-A02D-D30F3E0F3AEC}.AppStore|x64.Deploy.0 = Release|x64
		{A58187B6-E67E-4A14-A02D-D30F3E0F3AEC}.AppStore|x86.ActiveCfg = Release|x86
		{A58187B6-E67E-4A14-A02D-D30F3E0F3AEC}.AppStore|x86.Build.0 = Release|x86
		{A58187B6-E67E-4A14-A02D-D30F3E0F3AEC}.AppStore|x86.Deploy.0 = Release|x86
		{A58187B6-E67E-4A14-A02D-D30F3E0F3AEC}.Debug|Any CPU.ActiveCfg = Debug|x86
		{A58187B6-E67E-4A14-A02D-D30F3E0F3AEC}.Debug|Any CPU.Build.0 = Debug|x86
		{A58187B6-E67E-4A14-A02D-D30F3E0F3AEC}.Debug|Any CPU.Deploy.0 = Debug|x86
		{A58187B6-E67E-4A14-A02D-D30F3E0F3AEC}.Debug|ARM.ActiveCfg = Debug|ARM
		{A58187B6-E67E-4A14-A02D-D30F3E0F3AEC}.Debug|ARM.Build.0 = Debug|ARM
		{A58187B6-E67E-4A14-A02D-D30F3E0F3AEC}.Debug|ARM.Deploy.0 = Debug|ARM
		{A58187B6-E67E-4A14-A02D-D30F3E0F3AEC}.Debug|iPhone.ActiveCfg = Debug|x86
		{A58187B6-E67E-4A14-A02D-D30F3E0F3AEC}.Debug|iPhone.Build.0 = Debug|x86
		{A58187B6-E67E-4A14-A02D-D30F3E0F3AEC}.Debug|iPhone.Deploy.0 = Debug|x86
		{A58187B6-E67E-4A14-A02D-D30F3E0F3AEC}.Debug|iPhoneSimulator.ActiveCfg = Debug|x86
		{A58187B6-E67E-4A14-A02D-D30F3E0F3AEC}.Debug|iPhoneSimulator.Build.0 = Debug|x86
		{A58187B6-E67E-4A14-A02D-D30F3E0F3AEC}.Debug|iPhoneSimulator.Deploy.0 = Debug|x86
		{A58187B6-E67E-4A14-A02D-D30F3E0F3AEC}.Debug|x64.ActiveCfg = Debug|x64
		{A58187B6-E67E-4A14-A02D-D30F3E0F3AEC}.Debug|x64.Build.0 = Debug|x64
		{A58187B6-E67E-4A14-A02D-D30F3E0F3AEC}.Debug|x64.Deploy.0 = Debug|x64
		{A58187B6-E67E-4A14-A02D-D30F3E0F3AEC}.Debug|x86.ActiveCfg = Debug|x86
		{A58187B6-E67E-4A14-A02D-D30F3E0F3AEC}.Debug|x86.Build.0 = Debug|x86
		{A58187B6-E67E-4A14-A02D-D30F3E0F3AEC}.Debug|x86.Deploy.0 = Debug|x86
		{A58187B6-E67E-4A14-A02D-D30F3E0F3AEC}.Release|Any CPU.ActiveCfg = Release|x86
		{A58187B6-E67E-4A14-A02D-D30F3E0F3AEC}.Release|Any CPU.Build.0 = Release|x86
		{A58187B6-E67E-4A14-A02D-D30F3E0F3AEC}.Release|Any CPU.Deploy.0 = Release|x86
		{A58187B6-E67E-4A14-A02D-D30F3E0F3AEC}.Release|ARM.ActiveCfg = Release|ARM
		{A58187B6-E67E-4A14-A02D-D30F3E0F3AEC}.Release|ARM.Build.0 = Release|ARM
		{A58187B6-E67E-4A14-A02D-D30F3E0F3AEC}.Release|ARM.Deploy.0 = Release|ARM
		{A58187B6-E67E-4A14-A02D-D30F3E0F3AEC}.Release|iPhone.ActiveCfg = Release|x86
		{A58187B6-E67E-4A14-A02D-D30F3E0F3AEC}.Release|iPhone.Build.0 = Release|x86
		{A58187B6-E67E-4A14-A02D-D30F3E0F3AEC}.Release|iPhone.Deploy.0 = Release|x86
		{A58187B6-E67E-4A14-A02D-D30F3E0F3AEC}.Release|iPhoneSimulator.ActiveCfg = Release|x86
		{A58187B6-E67E-4A14-A02D-D30F3E0F3AEC}.Release|iPhoneSimulator.Build.0 = Release|x86
		{A58187B6-E67E-4A14-A02D-D30F3E0F3AEC}.Release|iPhoneSimulator.Deploy.0 = Release|x86
		{A58187B6-E67E-4A14-A02D-D30F3E0F3AEC}.Release|x64.ActiveCfg = Release|x64
		{A58187B6-E67E-4A14-A02D-D30F3E0F3AEC}.Release|x64.Build.0 = Release|x64
		{A58187B6-E67E-4A14-A02D-D30F3E0F3AEC}.Release|x64.Deploy.0 = Release|x64
		{A58187B6-E67E-4A14-A02D-D30F3E0F3AEC}.Release|x86.ActiveCfg = Release|x86
		{A58187B6-E67E-4A14-A02D-D30F3E0F3AEC}.Release|x86.Build.0 = Release|x86
		{A58187B6-E67E-4A14-A02D-D30F3E0F3AEC}.Release|x86.Deploy.0 = Release|x86
		{BA6DB133-8376-4657-9105-929A8B6778BD}.Ad-Hoc|Any CPU.ActiveCfg = Debug|Any CPU
		{BA6DB133-8376-4657-9105-929A8B6778BD}.Ad-Hoc|Any CPU.Build.0 = Debug|Any CPU
		{BA6DB133-8376-4657-9105-929A8B6778BD}.Ad-Hoc|Any CPU.Deploy.0 = Debug|Any CPU
		{BA6DB133-8376-4657-9105-929A8B6778BD}.Ad-Hoc|ARM.ActiveCfg = Debug|Any CPU
		{BA6DB133-8376-4657-9105-929A8B6778BD}.Ad-Hoc|ARM.Build.0 = Debug|Any CPU
		{BA6DB133-8376-4657-9105-929A8B6778BD}.Ad-Hoc|ARM.Deploy.0 = Debug|Any CPU
		{BA6DB133-8376-4657-9105-929A8B6778BD}.Ad-Hoc|iPhone.ActiveCfg = Debug|Any CPU
		{BA6DB133-8376-4657-9105-929A8B6778BD}.Ad-Hoc|iPhone.Build.0 = Debug|Any CPU
		{BA6DB133-8376-4657-9105-929A8B6778BD}.Ad-Hoc|iPhone.Deploy.0 = Debug|Any CPU
		{BA6DB133-8376-4657-9105-929A8B6778BD}.Ad-Hoc|iPhoneSimulator.ActiveCfg = Debug|Any CPU
		{BA6DB133-8376-4657-9105-929A8B6778BD}.Ad-Hoc|iPhoneSimulator.Build.0 = Debug|Any CPU
		{BA6DB133-8376-4657-9105-929A8B6778BD}.Ad-Hoc|iPhoneSimulator.Deploy.0 = Debug|Any CPU
		{BA6DB133-8376-4657-9105-929A8B6778BD}.Ad-Hoc|x64.ActiveCfg = Debug|Any CPU
		{BA6DB133-8376-4657-9105-929A8B6778BD}.Ad-Hoc|x64.Build.0 = Debug|Any CPU
		{BA6DB133-8376-4657-9105-929A8B6778BD}.Ad-Hoc|x64.Deploy.0 = Debug|Any CPU
		{BA6DB133-8376-4657-9105-929A8B6778BD}.Ad-Hoc|x86.ActiveCfg = Debug|Any CPU
		{BA6DB133-8376-4657-9105-929A8B6778BD}.Ad-Hoc|x86.Build.0 = Debug|Any CPU
		{BA6DB133-8376-4657-9105-929A8B6778BD}.Ad-Hoc|x86.Deploy.0 = Debug|Any CPU
		{BA6DB133-8376-4657-9105-929A8B6778BD}.AppStore|Any CPU.ActiveCfg = Debug|Any CPU
		{BA6DB133-8376-4657-9105-929A8B6778BD}.AppStore|Any CPU.Build.0 = Debug|Any CPU
		{BA6DB133-8376-4657-9105-929A8B6778BD}.AppStore|Any CPU.Deploy.0 = Debug|Any CPU
		{BA6DB133-8376-4657-9105-929A8B6778BD}.AppStore|ARM.ActiveCfg = Debug|Any CPU
		{BA6DB133-8376-4657-9105-929A8B6778BD}.AppStore|ARM.Build.0 = Debug|Any CPU
		{BA6DB133-8376-4657-9105-929A8B6778BD}.AppStore|ARM.Deploy.0 = Debug|Any CPU
		{BA6DB133-8376-4657-9105-929A8B6778BD}.AppStore|iPhone.ActiveCfg = Debug|Any CPU
		{BA6DB133-8376-4657-9105-929A8B6778BD}.AppStore|iPhone.Build.0 = Debug|Any CPU
		{BA6DB133-8376-4657-9105-929A8B6778BD}.AppStore|iPhone.Deploy.0 = Debug|Any CPU
		{BA6DB133-8376-4657-9105-929A8B6778BD}.AppStore|iPhoneSimulator.ActiveCfg = Debug|Any CPU
		{BA6DB133-8376-4657-9105-929A8B6778BD}.AppStore|iPhoneSimulator.Build.0 = Debug|Any CPU
		{BA6DB133-8376-4657-9105-929A8B6778BD}.AppStore|iPhoneSimulator.Deploy.0 = Debug|Any CPU
		{BA6DB133-8376-4657-9105-929A8B6778BD}.AppStore|x64.ActiveCfg = Debug|Any CPU
		{BA6DB133-8376-4657-9105-929A8B6778BD}.AppStore|x64.Build.0 = Debug|Any CPU
		{BA6DB133-8376-4657-9105-929A8B6778BD}.AppStore|x64.Deploy.0 = Debug|Any CPU
		{BA6DB133-8376-4657-9105-929A8B6778BD}.AppStore|x86.ActiveCfg = Debug|Any CPU
		{BA6DB133-8376-4657-9105-929A8B6778BD}.AppStore|x86.Build.0 = Debug|Any CPU
		{BA6DB133-8376-4657-9105-929A8B6778BD}.AppStore|x86.Deploy.0 = Debug|Any CPU
		{BA6DB133-8376-4657-9105-929A8B6778BD}.Debug|Any CPU.ActiveCfg = Debug|Any CPU
		{BA6DB133-8376-4657-9105-929A8B6778BD}.Debug|Any CPU.Build.0 = Debug|Any CPU
		{BA6DB133-8376-4657-9105-929A8B6778BD}.Debug|Any CPU.Deploy.0 = Debug|Any CPU
		{BA6DB133-8376-4657-9105-929A8B6778BD}.Debug|ARM.ActiveCfg = Debug|Any CPU
		{BA6DB133-8376-4657-9105-929A8B6778BD}.Debug|ARM.Build.0 = Debug|Any CPU
		{BA6DB133-8376-4657-9105-929A8B6778BD}.Debug|ARM.Deploy.0 = Debug|Any CPU
		{BA6DB133-8376-4657-9105-929A8B6778BD}.Debug|iPhone.ActiveCfg = Debug|Any CPU
		{BA6DB133-8376-4657-9105-929A8B6778BD}.Debug|iPhone.Build.0 = Debug|Any CPU
		{BA6DB133-8376-4657-9105-929A8B6778BD}.Debug|iPhone.Deploy.0 = Debug|Any CPU
		{BA6DB133-8376-4657-9105-929A8B6778BD}.Debug|iPhoneSimulator.ActiveCfg = Debug|Any CPU
		{BA6DB133-8376-4657-9105-929A8B6778BD}.Debug|iPhoneSimulator.Build.0 = Debug|Any CPU
		{BA6DB133-8376-4657-9105-929A8B6778BD}.Debug|iPhoneSimulator.Deploy.0 = Debug|Any CPU
		{BA6DB133-8376-4657-9105-929A8B6778BD}.Debug|x64.ActiveCfg = Debug|Any CPU
		{BA6DB133-8376-4657-9105-929A8B6778BD}.Debug|x64.Build.0 = Debug|Any CPU
		{BA6DB133-8376-4657-9105-929A8B6778BD}.Debug|x64.Deploy.0 = Debug|Any CPU
		{BA6DB133-8376-4657-9105-929A8B6778BD}.Debug|x86.ActiveCfg = Debug|Any CPU
		{BA6DB133-8376-4657-9105-929A8B6778BD}.Debug|x86.Build.0 = Debug|Any CPU
		{BA6DB133-8376-4657-9105-929A8B6778BD}.Debug|x86.Deploy.0 = Debug|Any CPU
		{BA6DB133-8376-4657-9105-929A8B6778BD}.Release|Any CPU.ActiveCfg = Release|Any CPU
		{BA6DB133-8376-4657-9105-929A8B6778BD}.Release|Any CPU.Build.0 = Release|Any CPU
		{BA6DB133-8376-4657-9105-929A8B6778BD}.Release|Any CPU.Deploy.0 = Release|Any CPU
		{BA6DB133-8376-4657-9105-929A8B6778BD}.Release|ARM.ActiveCfg = Release|Any CPU
		{BA6DB133-8376-4657-9105-929A8B6778BD}.Release|ARM.Build.0 = Release|Any CPU
		{BA6DB133-8376-4657-9105-929A8B6778BD}.Release|ARM.Deploy.0 = Release|Any CPU
		{BA6DB133-8376-4657-9105-929A8B6778BD}.Release|iPhone.ActiveCfg = Release|Any CPU
		{BA6DB133-8376-4657-9105-929A8B6778BD}.Release|iPhone.Build.0 = Release|Any CPU
		{BA6DB133-8376-4657-9105-929A8B6778BD}.Release|iPhone.Deploy.0 = Release|Any CPU
		{BA6DB133-8376-4657-9105-929A8B6778BD}.Release|iPhoneSimulator.ActiveCfg = Release|Any CPU
		{BA6DB133-8376-4657-9105-929A8B6778BD}.Release|iPhoneSimulator.Build.0 = Release|Any CPU
		{BA6DB133-8376-4657-9105-929A8B6778BD}.Release|iPhoneSimulator.Deploy.0 = Release|Any CPU
		{BA6DB133-8376-4657-9105-929A8B6778BD}.Release|x64.ActiveCfg = Release|Any CPU
		{BA6DB133-8376-4657-9105-929A8B6778BD}.Release|x64.Build.0 = Release|Any CPU
		{BA6DB133-8376-4657-9105-929A8B6778BD}.Release|x64.Deploy.0 = Release|Any CPU
		{BA6DB133-8376-4657-9105-929A8B6778BD}.Release|x86.ActiveCfg = Release|Any CPU
		{BA6DB133-8376-4657-9105-929A8B6778BD}.Release|x86.Build.0 = Release|Any CPU
		{BA6DB133-8376-4657-9105-929A8B6778BD}.Release|x86.Deploy.0 = Release|Any CPU
	EndGlobalSection
	GlobalSection(SolutionProperties) = preSolution
		HideSolutionNode = FALSE
	EndGlobalSection
	GlobalSection(ExtensibilityGlobals) = postSolution
		SolutionGuid = {B1639DE8-53AC-4B60-84F4-CF2D0A68472A}
	EndGlobalSection
EndGlobal
